lockfileVersion: '9.0'

settings:
  autoInstallPeers: true
  excludeLinksFromLockfile: false

importers:

  .:
    dependencies:
      boxicons:
        specifier: ^2.1.4
        version: 2.1.4

packages:

  '@babel/runtime@7.26.0':
    resolution: {integrity: sha512-FDSOghenHTiToteC/QRlv2q3DhPZ/oOXTBoirfWNx1Cx3TMVcGWQtMMmQcSvb/JjpNeGzx8Pq/b4fKEJuWm1sw==}
    engines: {node: '>=6.9.0'}

  '@webcomponents/webcomponentsjs@2.8.0':
    resolution: {integrity: sha512-loGD63sacRzOzSJgQnB9ZAhaQGkN7wl2Zuw7tsphI5Isa0irijrRo6EnJii/GgjGefIFO8AIO7UivzRhFaEk9w==}

  boxicons@2.1.4:
    resolution: {integrity: sha512-BvJNfYfnE4g9WQ7GL91fftxMOTwAleWlPFwvQJPYb/Ju7aLjlQ/Eu55AH9JLNk/OR82z+ZSq4TbKzbV/e5Rr0A==}

  detect-hover@1.0.3:
    resolution: {integrity: sha512-HtLoY+tClgYucJNiovNICGWFp9nOGVmHY44s7L62iPqORXM9vujeWFaVcqtA7XRvp/2Y+4RBUfHbDKFGN+xxZQ==}

  detect-it@3.0.7:
    resolution: {integrity: sha512-RxpgcdbatUX6epJE09K16iJqF7x6iEcEdoL18FR2zpBO4JhnL7aMOAUoUEyexdtbWOSfTmoDWmeD6mwRBQyRXg==}

  detect-passive-events@1.0.5:
    resolution: {integrity: sha512-foW7Q35wwOCxVzW0xLf5XeB5Fhe7oyRgvkBYdiP9IWgLMzjqUqTvsJv9ymuEWGjY6AoDXD3OC294+Z9iuOw0QA==}

  detect-pointer@1.0.3:
    resolution: {integrity: sha512-d0o/Puo3fiGSCXy6H039h9Kwz+mmYCGKZ/qtPFnpN3WfsumjC1C9b5KKvRu+aYnfdI8peqN/iAe7dPd85qIt2g==}

  detect-touch-events@2.0.2:
    resolution: {integrity: sha512-g8GWBkJLiIDRJfRXEdrd1wMXpNyGId2DkbfuwFahSb4OCvn717hyRJtAcEDISfp3zkwEhZ4Y4woHPA6DeyB3Fw==}

  history@4.10.1:
    resolution: {integrity: sha512-36nwAD620w12kuzPAsyINPWJqlNbij+hpK1k9XRloDtym8mxzGYl2c17LnV6IAGB2Dmg4tEa7G7DlawS0+qjew==}

  hoist-non-react-statics@2.5.5:
    resolution: {integrity: sha512-rqcy4pJo55FTTLWt+bU8ukscqHeE/e9KWvsOW2b/a3afxQZhwkQdT1rPPCJ0rYXdj4vNcasY8zHTH+jF/qStxw==}

  invariant@2.2.4:
    resolution: {integrity: sha512-phJfQVBuaJM5raOpJjSfkiD6BpbCE4Ns//LaXl6wGYtUBY83nWS6Rf9tXm2e8VaK60JEjYldbPif/A2B1C2gNA==}

  isarray@0.0.1:
    resolution: {integrity: sha512-D2S+3GLxWH+uhrNEcoh/fnmYeP8E8/zHl644d/jdA0g2uyXvy3sb0qxotE+ne0LtccHknQzWwZEzhak7oJ0COQ==}

  js-tokens@4.0.0:
    resolution: {integrity: sha512-RdJUflcE3cUzKiMqQgsCu06FPu9UdIJO0beYbPhHN4k6apgJtifcoCtT9bcxOpYBtpD2kCM6Sbzg4CausW/PKQ==}

  loose-envify@1.4.0:
    resolution: {integrity: sha512-lyuxPGr/Wfhrlem2CL/UcnUc1zcqKAImBDzukY7Y5F/yQiNdko6+fRLevlw1HgMySw7f611UIY408EtxRSoK3Q==}
    hasBin: true

  object-assign@4.1.1:
    resolution: {integrity: sha512-rJgTQnkUnH1sFw8yT6VSU3zD3sWmu6sZhIseY8VX+GRu3P6F7Fu+JNDoXfklElbLJSnc3FUQHVe4cU5hj+BcUg==}
    engines: {node: '>=0.10.0'}

  path-to-regexp@1.9.0:
    resolution: {integrity: sha512-xIp7/apCFJuUHdDLWe8O1HIkb0kQrOMb/0u6FXQjemHn/ii5LrIzU6bdECnsiTF/GjZkMEKg1xdiZwNqDYlZ6g==}

  prop-types@15.8.1:
    resolution: {integrity: sha512-oj87CgZICdulUohogVAR7AjlC0327U4el4L6eAvOqCeudMDVU0NThNaV+b9Df4dXgSP1gXMTnPdhfe/2qDH5cg==}

  react-dom@16.14.0:
    resolution: {integrity: sha512-1gCeQXDLoIqMgqD3IO2Ah9bnf0w9kzhwN5q4FGnHZ67hBm9yePzB5JJAIQCc8x3pFnNlwFq4RidZggNAAkzWWw==}
    peerDependencies:
      react: ^16.14.0

  react-interactive@0.8.3:
    resolution: {integrity: sha512-mmRvA9aKP7zu9kVfP1AX1egX8tFlnE3DDXq92z0JTZezfOpmeQBzr77O1+mTV54OOmn+M2t6c5kFD5VnuFoM7A==}
    peerDependencies:
      react: '>=15'

  react-is@16.13.1:
    resolution: {integrity: sha512-24e6ynE2H+OKt4kqsOvNd8kBpV65zoxbA4BVsEOB3ARVWQki/DHzaUoC5KuON/BiccDaCCTZBuOcfZs70kR8bQ==}

  react-router-dom@4.3.1:
    resolution: {integrity: sha512-c/MlywfxDdCp7EnB7YfPMOfMD3tOtIjrQlj/CKfNMBxdmpJP8xcz5P/UAFn3JbnQCNUxsHyVVqllF9LhgVyFCA==}
    peerDependencies:
      react: '>=15'

  react-router@4.3.1:
    resolution: {integrity: sha512-yrvL8AogDh2X42Dt9iknk4wF4V8bWREPirFfS9gLU1huk6qK41sg7Z/1S81jjTrGHxa3B8R3J6xIkDAA6CVarg==}
    peerDependencies:
      react: '>=15'

  react@16.14.0:
    resolution: {integrity: sha512-0X2CImDkJGApiAlcf0ODKIneSwBPhqJawOa5wCtKbu7ZECrmS26NvtSILynQ66cgkT/RJ4LidJOc3bUESwmU8g==}
    engines: {node: '>=0.10.0'}

  regenerator-runtime@0.14.1:
    resolution: {integrity: sha512-dYnhHh0nJoMfnkZs6GmmhFknAGRrLznOu5nc9ML+EJxGvrx6H7teuevqVqCuPcPK//3eDrrjQhehXVx9cnkGdw==}

  resolve-pathname@3.0.0:
    resolution: {integrity: sha512-C7rARubxI8bXFNB/hqcp/4iUeIXJhJZvFPFPiSPRnhU5UPxzMFIl+2E6yY6c4k9giDJAhtV+enfA+G89N6Csng==}

  scheduler@0.19.1:
    resolution: {integrity: sha512-n/zwRWRYSUj0/3g/otKDRPMh6qv2SYMWNq85IEa8iZyAv8od9zDYpGSnpBEjNgcMNq6Scbu5KfIPxNF72R/2EA==}

  tiny-invariant@1.3.3:
    resolution: {integrity: sha512-+FbBPE1o9QAYvviau/qC5SE3caw21q3xkvWKBtja5vgqOWIHHJ3ioaq1VPfn/Szqctz2bU/oYeKd9/z5BL+PVg==}

  tiny-warning@1.0.3:
    resolution: {integrity: sha512-lBN9zLN/oAf68o3zNXYrdCt1kP8WsiGW8Oo2ka41b2IM5JL/S1CTyX1rW0mb/zSuJun0ZUrDxx4sqvYS2FWzPA==}

  value-equal@1.0.1:
    resolution: {integrity: sha512-NOJ6JZCAWr0zlxZt+xqCHNTEKOsrks2HQd4MqhP1qy4z1SkbEP467eNx6TgDKXMvUOb+OENfJCZwM+16n7fRfw==}

  warning@4.0.3:
    resolution: {integrity: sha512-rpJyN222KWIvHJ/F53XSZv0Zl/accqHR8et1kpaMTD/fLCRxtV8iX8czMzY7sVZupTI3zcUTg8eycS2kNF9l6w==}

snapshots:

  '@babel/runtime@7.26.0':
    dependencies:
      regenerator-runtime: 0.14.1

  '@webcomponents/webcomponentsjs@2.8.0': {}

  boxicons@2.1.4:
    dependencies:
      '@webcomponents/webcomponentsjs': 2.8.0
      prop-types: 15.8.1
      react: 16.14.0
      react-dom: 16.14.0(react@16.14.0)
      react-interactive: 0.8.3(react@16.14.0)
      react-router-dom: 4.3.1(react@16.14.0)

  detect-hover@1.0.3: {}

  detect-it@3.0.7:
    dependencies:
      detect-hover: 1.0.3
      detect-passive-events: 1.0.5
      detect-pointer: 1.0.3
      detect-touch-events: 2.0.2

  detect-passive-events@1.0.5: {}

  detect-pointer@1.0.3: {}

  detect-touch-events@2.0.2: {}

  history@4.10.1:
    dependencies:
      '@babel/runtime': 7.26.0
      loose-envify: 1.4.0
      resolve-pathname: 3.0.0
      tiny-invariant: 1.3.3
      tiny-warning: 1.0.3
      value-equal: 1.0.1

  hoist-non-react-statics@2.5.5: {}

  invariant@2.2.4:
    dependencies:
      loose-envify: 1.4.0

  isarray@0.0.1: {}

  js-tokens@4.0.0: {}

  loose-envify@1.4.0:
    dependencies:
      js-tokens: 4.0.0

  object-assign@4.1.1: {}

  path-to-regexp@1.9.0:
    dependencies:
      isarray: 0.0.1

  prop-types@15.8.1:
    dependencies:
      loose-envify: 1.4.0
      object-assign: 4.1.1
      react-is: 16.13.1

  react-dom@16.14.0(react@16.14.0):
    dependencies:
      loose-envify: 1.4.0
      object-assign: 4.1.1
      prop-types: 15.8.1
      react: 16.14.0
      scheduler: 0.19.1

  react-interactive@0.8.3(react@16.14.0):
    dependencies:
      detect-it: 3.0.7
      object-assign: 4.1.1
      prop-types: 15.8.1
      react: 16.14.0

  react-is@16.13.1: {}

  react-router-dom@4.3.1(react@16.14.0):
    dependencies:
      history: 4.10.1
      invariant: 2.2.4
      loose-envify: 1.4.0
      prop-types: 15.8.1
      react: 16.14.0
      react-router: 4.3.1(react@16.14.0)
      warning: 4.0.3

  react-router@4.3.1(react@16.14.0):
    dependencies:
      history: 4.10.1
      hoist-non-react-statics: 2.5.5
      invariant: 2.2.4
      loose-envify: 1.4.0
      path-to-regexp: 1.9.0
      prop-types: 15.8.1
      react: 16.14.0
      warning: 4.0.3

  react@16.14.0:
    dependencies:
      loose-envify: 1.4.0
      object-assign: 4.1.1
      prop-types: 15.8.1

  regenerator-runtime@0.14.1: {}

  resolve-pathname@3.0.0: {}

  scheduler@0.19.1:
    dependencies:
      loose-envify: 1.4.0
      object-assign: 4.1.1

  tiny-invariant@1.3.3: {}

  tiny-warning@1.0.3: {}

  value-equal@1.0.1: {}

  warning@4.0.3:
    dependencies:
      loose-envify: 1.4.0
